
Microsoft Visual Studio Solution File, Format Version 12.00
# Visual Studio Version 17
VisualStudioVersion = 17.3.32929.385
MinimumVisualStudioVersion = 10.0.40219.1
Project("{8BC9CEB8-8B4A-11D0-8D11-00A0C91BC942}") = "pr5.3", "pr5.3\pr5.3.vcxproj", "{10AFC1BC-F9B0-43A0-AC57-7201CF4A07B0}"
EndProject
Global
	GlobalSection(SolutionConfigurationPlatforms) = preSolution
		Debug|x64 = Debug|x64
		Debug|x86 = Debug|x86
		Release|x64 = Release|x64
		Release|x86 = Release|x86
	EndGlobalSection
	GlobalSection(ProjectConfigurationPlatforms) = postSolution
		{10AFC1BC-F9B0-43A0-AC57-7201CF4A07B0}.Debug|x64.ActiveCfg = Debug|x64
		{10AFC1BC-F9B0-43A0-AC57-7201CF4A07B0}.Debug|x64.Build.0 = Debug|x64
		{10AFC1BC-F9B0-43A0-AC57-7201CF4A07B0}.Debug|x86.ActiveCfg = Debug|Win32
		{10AFC1BC-F9B0-43A0-AC57-7201CF4A07B0}.Debug|x86.Build.0 = Debug|Win32
		{10AFC1BC-F9B0-43A0-AC57-7201CF4A07B0}.Release|x64.ActiveCfg = Release|x64
		{10AFC1BC-F9B0-43A0-AC57-7201CF4A07B0}.Release|x64.Build.0 = Release|x64
		{10AFC1BC-F9B0-43A0-AC57-7201CF4A07B0}.Release|x86.ActiveCfg = Release|Win32
		{10AFC1BC-F9B0-43A0-AC57-7201CF4A07B0}.Release|x86.Build.0 = Release|Win32
	EndGlobalSection
	GlobalSection(SolutionProperties) = preSolution
		HideSolutionNode = FALSE
	EndGlobalSection
	GlobalSection(ExtensibilityGlobals) = postSolution
		SolutionGuid = {ADEB2E43-589F-4B11-87BF-9BE7792E2631}
	EndGlobalSection
EndGlobal
